
Microsoft Visual Studio Solution File, Format Version 12.00
# Visual Studio Version 17
VisualStudioVersion = 17.0.32112.339
MinimumVisualStudioVersion = 10.0.40219.1
Project("{FAE04EC0-301F-11D3-BF4B-00C04F79EFBC}") = "pr_xaml_1", "pr_xaml_1\pr_xaml_1.csproj", "{62636C42-5E2D-43F8-8DDB-A393B817D5F2}"
EndProject
Global
	GlobalSection(SolutionConfigurationPlatforms) = preSolution
		Debug|Any CPU = Debug|Any CPU
		Release|Any CPU = Release|Any CPU
	EndGlobalSection
	GlobalSection(ProjectConfigurationPlatforms) = postSolution
		{62636C42-5E2D-43F8-8DDB-A393B817D5F2}.Debug|Any CPU.ActiveCfg = Debug|Any CPU
		{62636C42-5E2D-43F8-8DDB-A393B817D5F2}.Debug|Any CPU.Build.0 = Debug|Any CPU
		{62636C42-5E2D-43F8-8DDB-A393B817D5F2}.Release|Any CPU.ActiveCfg = Release|Any CPU
		{62636C42-5E2D-43F8-8DDB-A393B817D5F2}.Release|Any CPU.Build.0 = Release|Any CPU
	EndGlobalSection
	GlobalSection(SolutionProperties) = preSolution
		HideSolutionNode = FALSE
	EndGlobalSection
	GlobalSection(ExtensibilityGlobals) = postSolution
		SolutionGuid = {7542384C-5D89-4CCC-9FFE-4757EA3C9BCA}
	EndGlobalSection
EndGlobal
